{
  "nodes": {
    "flake-utils": {
      "locked": {
        "lastModified": 1659877975,
        "narHash": "sha256-zllb8aq3YO3h8B/U0/J1WBgAL8EX5yWf5pMj3G0NAmc=",
        "owner": "numtide",
        "repo": "flake-utils",
        "rev": "c0e246b9b83f637f4681389ecabcb2681b4f3af0",
        "type": "github"
      },
      "original": {
        "owner": "numtide",
        "repo": "flake-utils",
        "type": "github"
      }
    },
    "home-manager": {
      "inputs": {
        "nixpkgs": [
          "nixpkgs"
        ]
      },
      "locked": {
        "lastModified": 1700087144,
        "narHash": "sha256-LJP1RW0hKNWmv2yRhnjkUptMXInKpn/rV6V6ofuZkHU=",
        "owner": "nix-community",
        "repo": "home-manager",
        "rev": "ab1459a1fb646c40419c732d05ec0bf2416d4506",
        "type": "github"
      },
      "original": {
        "owner": "nix-community",
        "repo": "home-manager",
        "type": "github"
      }
    },
    "nixgl": {
      "inputs": {
        "flake-utils": "flake-utils",
        "nixpkgs": "nixpkgs"
      },
      "locked": {
        "lastModified": 1685908677,
        "narHash": "sha256-E4zUPEUFyVWjVm45zICaHRpfGepfkE9Z2OECV9HXfA4=",
        "owner": "guibou",
        "repo": "nixGL",
        "rev": "489d6b095ab9d289fe11af0219a9ff00fe87c7c5",
        "type": "github"
      },
      "original": {
        "owner": "guibou",
        "repo": "nixGL",
        "type": "github"
      }
    },
    "nixpkgs": {
      "locked": {
        "lastModified": 1660551188,
        "narHash": "sha256-a1LARMMYQ8DPx1BgoI/UN4bXe12hhZkCNqdxNi6uS0g=",
        "owner": "nixos",
        "repo": "nixpkgs",
        "rev": "441dc5d512153039f19ef198e662e4f3dbb9fd65",
        "type": "github"
      },
      "original": {
        "owner": "nixos",
        "repo": "nixpkgs",
        "type": "github"
      }
    },
    "nixpkgs_2": {
      "locked": {
        "lastModified": 1700108881,
        "narHash": "sha256-+Lqybl8kj0+nD/IlAWPPG/RDTa47gff9nbei0u7BntE=",
        "owner": "nixos",
        "repo": "nixpkgs",
        "rev": "7414e9ee0b3e9903c24d3379f577a417f0aae5f1",
        "type": "github"
      },
      "original": {
        "owner": "nixos",
        "ref": "nixpkgs-unstable",
        "repo": "nixpkgs",
        "type": "github"
      }
    },
    "root": {
      "inputs": {
        "home-manager": "home-manager",
        "nixgl": "nixgl",
        "nixpkgs": "nixpkgs_2"
      }
    }
  },
  "root": "root",
  "version": 7
}
